// !$*UTF8*$!
{
	archiveVersion = 1;
	classes = {
	};
	objectVersion = 46;
	objects = {

/* Begin PBXBuildFile section */
		CFA2597E1F0F4E0500AEBDF4 /* AppDelegate.swift in Sources */ = {isa = PBXBuildFile; fileRef = CFA2597D1F0F4E0500AEBDF4 /* AppDelegate.swift */; };
		CFA259801F0F4E0500AEBDF4 /* ViewController.swift in Sources */ = {isa = PBXBuildFile; fileRef = CFA2597F1F0F4E0500AEBDF4 /* ViewController.swift */; };
		CFA259831F0F4E0500AEBDF4 /* Main.storyboard in Resources */ = {isa = PBXBuildFile; fileRef = CFA259811F0F4E0500AEBDF4 /* Main.storyboard */; };
		CFA259851F0F4E0500AEBDF4 /* Assets.xcassets in Resources */ = {isa = PBXBuildFile; fileRef = CFA259841F0F4E0500AEBDF4 /* Assets.xcassets */; };
		CFA259881F0F4E0500AEBDF4 /* LaunchScreen.storyboard in Resources */ = {isa = PBXBuildFile; fileRef = CFA259861F0F4E0500AEBDF4 /* LaunchScreen.storyboard */; };
/* End PBXBuildFile section */

/* Begin PBXFileReference section */
		CFA2597A1F0F4E0500AEBDF4 /* PracticeTableView.app */ = {isa = PBXFileReference; explicitFileType = wrapper.application; includeInIndex = 0; path = PracticeTableView.app; sourceTree = BUILT_PRODUCTS_DIR; };
		CFA2597D1F0F4E0500AEBDF4 /* AppDelegate.swift */ = {isa = PBXFileReference; lastKnownFileType = sourcecode.swift; path = AppDelegate.swift; sourceTree = "<group>"; };
		CFA2597F1F0F4E0500AEBDF4 /* ViewController.swift */ = {isa = PBXFileReference; lastKnownFileType = sourcecode.swift; path = ViewController.swift; sourceTree = "<group>"; };
		CFA259821F0F4E0500AEBDF4 /* Base */ = {isa = PBXFileReference; lastKnownFileType = file.storyboard; name = Base; path = Base.lproj/Main.storyboard; sourceTree = "<group>"; };
		CFA259841F0F4E0500AEBDF4 /* Assets.xcassets */ = {isa = PBXFileReference; lastKnownFileType = folder.assetcatalog; path = Assets.xcassets; sourceTree = "<group>"; };
		CFA259871F0F4E0500AEBDF4 /* Base */ = {isa = PBXFileReference; lastKnownFileType = file.storyboard; name = Base; path = Base.lproj/LaunchScreen.storyboard; sourceTree = "<group>"; };
		CFA259891F0F4E0500AEBDF4 /* Info.plist */ = {isa = PBXFileReference; lastKnownFileType = text.plist.xml; path = Info.plist; sourceTree = "<group>"; };
/* End PBXFileReference section */

/* Begin PBXFrameworksBuildPhase section */
		CFA259771F0F4E0500AEBDF4 /* Frameworks */ = {
			isa = PBXFrameworksBuildPhase;
			buildActionMask = 2147483647;
			files = (
			);
			runOnlyForDeploymentPostprocessing = 0;
		};
/* End PBXFrameworksBuildPhase section */

/* Begin PBXGroup section */
		CFA259711F0F4E0500AEBDF4 = {
			isa = PBXGroup;
			children = (
				CFA2597C1F0F4E0500AEBDF4 /* PracticeTableView */,
				CFA2597B1F0F4E0500AEBDF4 /* Products */,
			);
			sourceTree = "<group>";
		};
		CFA2597B1F0F4E0500AEBDF4 /* Products */ = {
			isa = PBXGroup;
			children = (
				CFA2597A1F0F4E0500AEBDF4 /* PracticeTableView.app */,
			);
			name = Products;
			sourceTree = "<group>";
		};
		CFA2597C1F0F4E0500AEBDF4 /* PracticeTableView */ = {
			isa = PBXGroup;
			children = (
				CFA2597D1F0F4E0500AEBDF4 /* AppDelegate.swift */,
				CFA2597F1F0F4E0500AEBDF4 /* ViewController.swift */,
				CFA259811F0F4E0500AEBDF4 /* Main.storyboard */,
				CFA259841F0F4E0500AEBDF4 /* Assets.xcassets */,
				CFA259861F0F4E0500AEBDF4 /* LaunchScreen.storyboard */,
				CFA259891F0F4E0500AEBDF4 /* Info.plist */,
			);
			path = PracticeTableView;
			sourceTree = "<group>";
		};
/* End PBXGroup section */

/* Begin PBXNativeTarget section */
		CFA259791F0F4E0500AEBDF4 /* PracticeTableView */ = {
			isa = PBXNativeTarget;
			buildConfigurationList = CFA2598C1F0F4E0500AEBDF4 /* Build configuration list for PBXNativeTarget "PracticeTableView" */;
			buildPhases = (
				CFA259761F0F4E0500AEBDF4 /* Sources */,
				CFA259771F0F4E0500AEBDF4 /* Frameworks */,
				CFA259781F0F4E0500AEBDF4 /* Resources */,
			);
			buildRules = (
			);
			dependencies = (
			);
			name = PracticeTableView;
			productName = PracticeTableView;
			productReference = CFA2597A1F0F4E0500AEBDF4 /* PracticeTableView.app */;
			productType = "com.apple.product-type.application";
		};
/* End PBXNativeTarget section */

/* Begin PBXProject section */
		CFA259721F0F4E0500AEBDF4 /* Project object */ = {
			isa = PBXProject;
			attributes = {
				LastSwiftUpdateCheck = 0820;
				LastUpgradeCheck = 0820;
				ORGANIZATIONNAME = "Ashwin Gopalakrishnan";
				TargetAttributes = {
					CFA259791F0F4E0500AEBDF4 = {
						CreatedOnToolsVersion = 8.2.1;
						ProvisioningStyle = Automatic;
					};
				};
			};
			buildConfigurationList = CFA259751F0F4E0500AEBDF4 /* Build configuration list for PBXProject "PracticeTableView" */;
			compatibilityVersion = "Xcode 3.2";
			developmentRegion = English;
			hasScannedForEncodings = 0;
			knownRegions = (
				en,
				Base,
			);
			mainGroup = CFA259711F0F4E0500AEBDF4;
			productRefGroup = CFA2597B1F0F4E0500AEBDF4 /* Products */;
			projectDirPath = "";
			projectRoot = "";
			targets = (
				CFA259791F0F4E0500AEBDF4 /* PracticeTableView */,
			);
		};
/* End PBXProject section */

/* Begin PBXResourcesBuildPhase section */
		CFA259781F0F4E0500AEBDF4 /* Resources */ = {
			isa = PBXResourcesBuildPhase;
			buildActionMask = 2147483647;
			files = (
				CFA259881F0F4E0500AEBDF4 /* LaunchScreen.storyboard in Resources */,
				CFA259851F0F4E0500AEBDF4 /* Assets.xcassets in Resources */,
				CFA259831F0F4E0500AEBDF4 /* Main.storyboard in Resources */,
			);
			runOnlyForDeploymentPostprocessing = 0;
		};
/* End PBXResourcesBuildPhase section */

/* Begin PBXSourcesBuildPhase section */
		CFA259761F0F4E0500AEBDF4 /* Sources */ = {
			isa = PBXSourcesBuildPhase;
			buildActionMask = 2147483647;
			files = (
				CFA259801F0F4E0500AEBDF4 /* ViewController.swift in Sources */,
				CFA2597E1F0F4E0500AEBDF4 /* AppDelegate.swift in Sources */,
			);
			runOnlyForDeploymentPostprocessing = 0;
		};
/* End PBXSourcesBuildPhase section */

/* Begin PBXVariantGroup section */
		CFA259811F0F4E0500AEBDF4 /* Main.storyboard */ = {
			isa = PBXVariantGroup;
			children = (
				CFA259821F0F4E0500AEBDF4 /* Base */,
			);
			name = Main.storyboard;
			sourceTree = "<group>";
		};
		CFA259861F0F4E0500AEBDF4 /* LaunchScreen.storyboard */ = {
			isa = PBXVariantGroup;
			children = (
				CFA259871F0F4E0500AEBDF4 /* Base */,
			);
			name = LaunchScreen.storyboard;
			sourceTree = "<group>";
		};
/* End PBXVariantGroup section */

/* Begin XCBuildConfiguration section */
		CFA2598A1F0F4E0500AEBDF4 /* Debug */ = {
			isa = XCBuildConfiguration;
			buildSettings = {
				ALWAYS_SEARCH_USER_PATHS = NO;
				CLANG_ANALYZER_NONNULL = YES;
				CLANG_CXX_LANGUAGE_STANDARD = "gnu++0x";
				CLANG_CXX_LIBRARY = "libc++";
				CLANG_ENABLE_MODULES = YES;
				CLANG_ENABLE_OBJC_ARC = YES;
				CLANG_WARN_BOOL_CONVERSION = YES;
				CLANG_WARN_CONSTANT_CONVERSION = YES;
				CLANG_WARN_DIRECT_OBJC_ISA_USAGE = YES_ERROR;
				CLANG_WARN_DOCUMENTATION_COMMENTS = YES;
				CLANG_WARN_EMPTY_BODY = YES;
				CLANG_WARN_ENUM_CONVERSION = YES;
				CLANG_WARN_INFINITE_RECURSION = YES;
				CLANG_WARN_INT_CONVERSION = YES;
				CLANG_WARN_OBJC_ROOT_CLASS = YES_ERROR;
				CLANG_WARN_SUSPICIOUS_MOVE = YES;
				CLANG_WARN_UNREACHABLE_CODE = YES;
				CLANG_WARN__DUPLICATE_METHOD_MATCH = YES;
				"CODE_SIGN_IDENTITY[sdk=iphoneos*]" = "iPhone Developer";
				COPY_PHASE_STRIP = NO;
				DEBUG_INFORMATION_FORMAT = dwarf;
				ENABLE_STRICT_OBJC_MSGSEND = YES;
				ENABLE_TESTABILITY = YES;
				GCC_C_LANGUAGE_STANDARD = gnu99;
				GCC_DYNAMIC_NO_PIC = NO;
				GCC_NO_COMMON_BLOCKS = YES;
				GCC_OPTIMIZATION_LEVEL = 0;
				GCC_PREPROCESSOR_DEFINITIONS = (
					"DEBUG=1",
					"$(inherited)",
				);
				GCC_WARN_64_TO_32_BIT_CONVERSION = YES;
				GCC_WARN_ABOUT_RETURN_TYPE = YES_ERROR;
				GCC_WARN_UNDECLARED_SELECTOR = YES;
				GCC_WARN_UNINITIALIZED_AUTOS = YES_AGGRESSIVE;
				GCC_WARN_UNUSED_FUNCTION = YES;
				GCC_WARN_UNUSED_VARIABLE = YES;
				IPHONEOS_DEPLOYMENT_TARGET = 10.2;
				MTL_ENABLE_DEBUG_INFO = YES;
				ONLY_ACTIVE_ARCH = YES;
				SDKROOT = iphoneos;
				SWIFT_ACTIVE_COMPILATION_CONDITIONS = DEBUG;
				SWIFT_OPTIMIZATION_LEVEL = "-Onone";
				TARGETED_DEVICE_FAMILY = "1,2";
			};
			name = Debug;
		};
		CFA2598B1F0F4E0500AEBDF4 /* Release */ = {
			isa = XCBuildConfiguration;
			buildSettings = {
				ALWAYS_SEARCH_USER_PATHS = NO;
				CLANG_ANALYZER_NONNULL = YES;
				CLANG_CXX_LANGUAGE_STANDARD = "gnu++0x";
				CLANG_CXX_LIBRARY = "libc++";
				CLANG_ENABLE_MODULES = YES;
				CLANG_ENABLE_OBJC_ARC = YES;
				CLANG_WARN_BOOL_CONVERSION = YES;
				CLANG_WARN_CONSTANT_CONVERSION = YES;
				CLANG_WARN_DIRECT_OBJC_ISA_USAGE = YES_ERROR;
				CLANG_WARN_DOCUMENTATION_COMMENTS = YES;
				CLANG_WARN_EMPTY_BODY = YES;
				CLANG_WARN_ENUM_CONVERSION = YES;
				CLANG_WARN_INFINITE_RECURSION = YES;
				CLANG_WARN_INT_CONVERSION = YES;
				CLANG_WARN_OBJC_ROOT_CLASS = YES_ERROR;
				CLANG_WARN_SUSPICIOUS_MOVE = YES;
				CLANG_WARN_UNREACHABLE_CODE = YES;
				CLANG_WARN__DUPLICATE_METHOD_MATCH = YES;
				"CODE_SIGN_IDENTITY[sdk=iphoneos*]" = "iPhone Developer";
				COPY_PHASE_STRIP = NO;
				DEBUG_INFORMATION_FORMAT = "dwarf-with-dsym";
				ENABLE_NS_ASSERTIONS = NO;
				ENABLE_STRICT_OBJC_MSGSEND = YES;
				GCC_C_LANGUAGE_STANDARD = gnu99;
				GCC_NO_COMMON_BLOCKS = YES;
				GCC_WARN_64_TO_32_BIT_CONVERSION = YES;
				GCC_WARN_ABOUT_RETURN_TYPE = YES_ERROR;
				GCC_WARN_UNDECLARED_SELECTOR = YES;
				GCC_WARN_UNINITIALIZED_AUTOS = YES_AGGRESSIVE;
				GCC_WARN_UNUSED_FUNCTION = YES;
				GCC_WARN_UNUSED_VARIABLE = YES;
				IPHONEOS_DEPLOYMENT_TARGET = 10.2;
				MTL_ENABLE_DEBUG_INFO = NO;
				SDKROOT = iphoneos;
				SWIFT_OPTIMIZATION_LEVEL = "-Owholemodule";
				TARGETED_DEVICE_FAMILY = "1,2";
				VALIDATE_PRODUCT = YES;
			};
			name = Release;
		};
		CFA2598D1F0F4E0500AEBDF4 /* Debug */ = {
			isa = XCBuildConfiguration;
			buildSettings = {
				ASSETCATALOG_COMPILER_APPICON_NAME = AppIcon;
				INFOPLIST_FILE = PracticeTableView/Info.plist;
				LD_RUNPATH_SEARCH_PATHS = "$(inherited) @executable_path/Frameworks";
				PRODUCT_BUNDLE_IDENTIFIER = Thinkful.PracticeTableView;
				PRODUCT_NAME = "$(TARGET_NAME)";
				SWIFT_VERSION = 3.0;
			};
			name = Debug;
		};
		CFA2598E1F0F4E0500AEBDF4 /* Release */ = {
			isa = XCBuildConfiguration;
			buildSettings = {
				ASSETCATALOG_COMPILER_APPICON_NAME = AppIcon;
				INFOPLIST_FILE = PracticeTableView/Info.plist;
				LD_RUNPATH_SEARCH_PATHS = "$(inherited) @executable_path/Frameworks";
				PRODUCT_BUNDLE_IDENTIFIER = Thinkful.PracticeTableView;
				PRODUCT_NAME = "$(TARGET_NAME)";
				SWIFT_VERSION = 3.0;
			};
			name = Release;
		};
/* End XCBuildConfiguration section */

/* Begin XCConfigurationList section */
		CFA259751F0F4E0500AEBDF4 /* Build configuration list for PBXProject "PracticeTableView" */ = {
			isa = XCConfigurationList;
			buildConfigurations = (
				CFA2598A1F0F4E0500AEBDF4 /* Debug */,
				CFA2598B1F0F4E0500AEBDF4 /* Release */,
			);
			defaultConfigurationIsVisible = 0;
			defaultConfigurationName = Release;
		};
		CFA2598C1F0F4E0500AEBDF4 /* Build configuration list for PBXNativeTarget "PracticeTableView" */ = {
			isa = XCConfigurationList;
			buildConfigurations = (
				CFA2598D1F0F4E0500AEBDF4 /* Debug */,
				CFA2598E1F0F4E0500AEBDF4 /* Release */,
			);
			defaultConfigurationIsVisible = 0;
		};
/* End XCConfigurationList section */
	};
	rootObject = CFA259721F0F4E0500AEBDF4 /* Project object */;
}
